// !$*UTF8*$!
{
	archiveVersion = 1;
	classes = {
	};
	objectVersion = 56;
	objects = {

/* Begin PBXBuildFile section */
		876DE3552BB4558000B1FE81 /* InvoiceApp.swift in Sources */ = {isa = PBXBuildFile; fileRef = 876DE3542BB4558000B1FE81 /* InvoiceApp.swift */; };
		876DE3592BB4558100B1FE81 /* Assets.xcassets in Resources */ = {isa = PBXBuildFile; fileRef = 876DE3582BB4558100B1FE81 /* Assets.xcassets */; };
		876DE35C2BB4558100B1FE81 /* Preview Assets.xcassets in Resources */ = {isa = PBXBuildFile; fileRef = 876DE35B2BB4558100B1FE81 /* Preview Assets.xcassets */; };
		876DE35E2BB4558100B1FE81 /* Persistence.swift in Sources */ = {isa = PBXBuildFile; fileRef = 876DE35D2BB4558100B1FE81 /* Persistence.swift */; };
		876DE3612BB4558100B1FE81 /* Invoice.xcdatamodeld in Sources */ = {isa = PBXBuildFile; fileRef = 876DE35F2BB4558100B1FE81 /* Invoice.xcdatamodeld */; };
		876DE36B2BB4558100B1FE81 /* InvoiceTests.swift in Sources */ = {isa = PBXBuildFile; fileRef = 876DE36A2BB4558100B1FE81 /* InvoiceTests.swift */; };
		876DE3752BB4558100B1FE81 /* InvoiceUITests.swift in Sources */ = {isa = PBXBuildFile; fileRef = 876DE3742BB4558100B1FE81 /* InvoiceUITests.swift */; };
		876DE3772BB4558100B1FE81 /* InvoiceUITestsLaunchTests.swift in Sources */ = {isa = PBXBuildFile; fileRef = 876DE3762BB4558100B1FE81 /* InvoiceUITestsLaunchTests.swift */; };
		876DE3882BB54BF800B1FE81 /* HomeView.swift in Sources */ = {isa = PBXBuildFile; fileRef = 876DE3872BB54BF800B1FE81 /* HomeView.swift */; };
		8797254B2BB5A4DD00B0A95D /* InvoiceDataModel.swift in Sources */ = {isa = PBXBuildFile; fileRef = 8797254A2BB5A4DD00B0A95D /* InvoiceDataModel.swift */; };
/* End PBXBuildFile section */

/* Begin PBXContainerItemProxy section */
		876DE3672BB4558100B1FE81 /* PBXContainerItemProxy */ = {
			isa = PBXContainerItemProxy;
			containerPortal = 876DE3492BB4558000B1FE81 /* Project object */;
			proxyType = 1;
			remoteGlobalIDString = 876DE3502BB4558000B1FE81;
			remoteInfo = Invoice;
		};
		876DE3712BB4558100B1FE81 /* PBXContainerItemProxy */ = {
			isa = PBXContainerItemProxy;
			containerPortal = 876DE3492BB4558000B1FE81 /* Project object */;
			proxyType = 1;
			remoteGlobalIDString = 876DE3502BB4558000B1FE81;
			remoteInfo = Invoice;
		};
/* End PBXContainerItemProxy section */

/* Begin PBXFileReference section */
		876DE3512BB4558000B1FE81 /* Invoice.app */ = {isa = PBXFileReference; explicitFileType = wrapper.application; includeInIndex = 0; path = Invoice.app; sourceTree = BUILT_PRODUCTS_DIR; };
		876DE3542BB4558000B1FE81 /* InvoiceApp.swift */ = {isa = PBXFileReference; lastKnownFileType = sourcecode.swift; path = InvoiceApp.swift; sourceTree = "<group>"; };
		876DE3582BB4558100B1FE81 /* Assets.xcassets */ = {isa = PBXFileReference; lastKnownFileType = folder.assetcatalog; path = Assets.xcassets; sourceTree = "<group>"; };
		876DE35B2BB4558100B1FE81 /* Preview Assets.xcassets */ = {isa = PBXFileReference; lastKnownFileType = folder.assetcatalog; path = "Preview Assets.xcassets"; sourceTree = "<group>"; };
		876DE35D2BB4558100B1FE81 /* Persistence.swift */ = {isa = PBXFileReference; lastKnownFileType = sourcecode.swift; path = Persistence.swift; sourceTree = "<group>"; };
		876DE3602BB4558100B1FE81 /* Invoice.xcdatamodel */ = {isa = PBXFileReference; lastKnownFileType = wrapper.xcdatamodel; path = Invoice.xcdatamodel; sourceTree = "<group>"; };
		876DE3662BB4558100B1FE81 /* InvoiceTests.xctest */ = {isa = PBXFileReference; explicitFileType = wrapper.cfbundle; includeInIndex = 0; path = InvoiceTests.xctest; sourceTree = BUILT_PRODUCTS_DIR; };
		876DE36A2BB4558100B1FE81 /* InvoiceTests.swift */ = {isa = PBXFileReference; lastKnownFileType = sourcecode.swift; path = InvoiceTests.swift; sourceTree = "<group>"; };
		876DE3702BB4558100B1FE81 /* InvoiceUITests.xctest */ = {isa = PBXFileReference; explicitFileType = wrapper.cfbundle; includeInIndex = 0; path = InvoiceUITests.xctest; sourceTree = BUILT_PRODUCTS_DIR; };
		876DE3742BB4558100B1FE81 /* InvoiceUITests.swift */ = {isa = PBXFileReference; lastKnownFileType = sourcecode.swift; path = InvoiceUITests.swift; sourceTree = "<group>"; };
		876DE3762BB4558100B1FE81 /* InvoiceUITestsLaunchTests.swift */ = {isa = PBXFileReference; lastKnownFileType = sourcecode.swift; path = InvoiceUITestsLaunchTests.swift; sourceTree = "<group>"; };
		876DE3872BB54BF800B1FE81 /* HomeView.swift */ = {isa = PBXFileReference; lastKnownFileType = sourcecode.swift; path = HomeView.swift; sourceTree = "<group>"; };
		8797254A2BB5A4DD00B0A95D /* InvoiceDataModel.swift */ = {isa = PBXFileReference; lastKnownFileType = sourcecode.swift; path = InvoiceDataModel.swift; sourceTree = "<group>"; };
/* End PBXFileReference section */

/* Begin PBXFrameworksBuildPhase section */
		876DE34E2BB4558000B1FE81 /* Frameworks */ = {
			isa = PBXFrameworksBuildPhase;
			buildActionMask = 2147483647;
			files = (
			);
			runOnlyForDeploymentPostprocessing = 0;
		};
		876DE3632BB4558100B1FE81 /* Frameworks */ = {
			isa = PBXFrameworksBuildPhase;
			buildActionMask = 2147483647;
			files = (
			);
			runOnlyForDeploymentPostprocessing = 0;
		};
		876DE36D2BB4558100B1FE81 /* Frameworks */ = {
			isa = PBXFrameworksBuildPhase;
			buildActionMask = 2147483647;
			files = (
			);
			runOnlyForDeploymentPostprocessing = 0;
		};
/* End PBXFrameworksBuildPhase section */

/* Begin PBXGroup section */
		876DE3482BB4558000B1FE81 = {
			isa = PBXGroup;
			children = (
				876DE3532BB4558000B1FE81 /* Invoice */,
				876DE3692BB4558100B1FE81 /* InvoiceTests */,
				876DE3732BB4558100B1FE81 /* InvoiceUITests */,
				876DE3522BB4558000B1FE81 /* Products */,
			);
			sourceTree = "<group>";
		};
		876DE3522BB4558000B1FE81 /* Products */ = {
			isa = PBXGroup;
			children = (
				876DE3512BB4558000B1FE81 /* Invoice.app */,
				876DE3662BB4558100B1FE81 /* InvoiceTests.xctest */,
				876DE3702BB4558100B1FE81 /* InvoiceUITests.xctest */,
			);
			name = Products;
			sourceTree = "<group>";
		};
		876DE3532BB4558000B1FE81 /* Invoice */ = {
			isa = PBXGroup;
			children = (
				876DE3542BB4558000B1FE81 /* InvoiceApp.swift */,
				876DE3582BB4558100B1FE81 /* Assets.xcassets */,
				876DE3872BB54BF800B1FE81 /* HomeView.swift */,
				876DE35D2BB4558100B1FE81 /* Persistence.swift */,
				8797254A2BB5A4DD00B0A95D /* InvoiceDataModel.swift */,
				876DE35F2BB4558100B1FE81 /* Invoice.xcdatamodeld */,
				876DE35A2BB4558100B1FE81 /* Preview Content */,
			);
			path = Invoice;
			sourceTree = "<group>";
		};
		876DE35A2BB4558100B1FE81 /* Preview Content */ = {
			isa = PBXGroup;
			children = (
				876DE35B2BB4558100B1FE81 /* Preview Assets.xcassets */,
			);
			path = "Preview Content";
			sourceTree = "<group>";
		};
		876DE3692BB4558100B1FE81 /* InvoiceTests */ = {
			isa = PBXGroup;
			children = (
				876DE36A2BB4558100B1FE81 /* InvoiceTests.swift */,
			);
			path = InvoiceTests;
			sourceTree = "<group>";
		};
		876DE3732BB4558100B1FE81 /* InvoiceUITests */ = {
			isa = PBXGroup;
			children = (
				876DE3742BB4558100B1FE81 /* InvoiceUITests.swift */,
				876DE3762BB4558100B1FE81 /* InvoiceUITestsLaunchTests.swift */,
			);
			path = InvoiceUITests;
			sourceTree = "<group>";
		};
/* End PBXGroup section */

/* Begin PBXNativeTarget section */
		876DE3502BB4558000B1FE81 /* Invoice */ = {
			isa = PBXNativeTarget;
			buildConfigurationList = 876DE37A2BB4558100B1FE81 /* Build configuration list for PBXNativeTarget "Invoice" */;
			buildPhases = (
				876DE34D2BB4558000B1FE81 /* Sources */,
				876DE34E2BB4558000B1FE81 /* Frameworks */,
				876DE34F2BB4558000B1FE81 /* Resources */,
			);
			buildRules = (
			);
			dependencies = (
			);
			name = Invoice;
			productName = Invoice;
			productReference = 876DE3512BB4558000B1FE81 /* Invoice.app */;
			productType = "com.apple.product-type.application";
		};
		876DE3652BB4558100B1FE81 /* InvoiceTests */ = {
			isa = PBXNativeTarget;
			buildConfigurationList = 876DE37D2BB4558100B1FE81 /* Build configuration list for PBXNativeTarget "InvoiceTests" */;
			buildPhases = (
				876DE3622BB4558100B1FE81 /* Sources */,
				876DE3632BB4558100B1FE81 /* Frameworks */,
				876DE3642BB4558100B1FE81 /* Resources */,
			);
			buildRules = (
			);
			dependencies = (
				876DE3682BB4558100B1FE81 /* PBXTargetDependency */,
			);
			name = InvoiceTests;
			productName = InvoiceTests;
			productReference = 876DE3662BB4558100B1FE81 /* InvoiceTests.xctest */;
			productType = "com.apple.product-type.bundle.unit-test";
		};
		876DE36F2BB4558100B1FE81 /* InvoiceUITests */ = {
			isa = PBXNativeTarget;
			buildConfigurationList = 876DE3802BB4558100B1FE81 /* Build configuration list for PBXNativeTarget "InvoiceUITests" */;
			buildPhases = (
				876DE36C2BB4558100B1FE81 /* Sources */,
				876DE36D2BB4558100B1FE81 /* Frameworks */,
				876DE36E2BB4558100B1FE81 /* Resources */,
			);
			buildRules = (
			);
			dependencies = (
				876DE3722BB4558100B1FE81 /* PBXTargetDependency */,
			);
			name = InvoiceUITests;
			productName = InvoiceUITests;
			productReference = 876DE3702BB4558100B1FE81 /* InvoiceUITests.xctest */;
			productType = "com.apple.product-type.bundle.ui-testing";
		};
/* End PBXNativeTarget section */

/* Begin PBXProject section */
		876DE3492BB4558000B1FE81 /* Project object */ = {
			isa = PBXProject;
			attributes = {
				BuildIndependentTargetsInParallel = 1;
				LastSwiftUpdateCheck = 1520;
				LastUpgradeCheck = 1520;
				TargetAttributes = {
					876DE3502BB4558000B1FE81 = {
						CreatedOnToolsVersion = 15.2;
					};
					876DE3652BB4558100B1FE81 = {
						CreatedOnToolsVersion = 15.2;
						TestTargetID = 876DE3502BB4558000B1FE81;
					};
					876DE36F2BB4558100B1FE81 = {
						CreatedOnToolsVersion = 15.2;
						TestTargetID = 876DE3502BB4558000B1FE81;
					};
				};
			};
			buildConfigurationList = 876DE34C2BB4558000B1FE81 /* Build configuration list for PBXProject "Invoice" */;
			compatibilityVersion = "Xcode 14.0";
			developmentRegion = en;
			hasScannedForEncodings = 0;
			knownRegions = (
				en,
				Base,
			);
			mainGroup = 876DE3482BB4558000B1FE81;
			productRefGroup = 876DE3522BB4558000B1FE81 /* Products */;
			projectDirPath = "";
			projectRoot = "";
			targets = (
				876DE3502BB4558000B1FE81 /* Invoice */,
				876DE3652BB4558100B1FE81 /* InvoiceTests */,
				876DE36F2BB4558100B1FE81 /* InvoiceUITests */,
			);
		};
/* End PBXProject section */

/* Begin PBXResourcesBuildPhase section */
		876DE34F2BB4558000B1FE81 /* Resources */ = {
			isa = PBXResourcesBuildPhase;
			buildActionMask = 2147483647;
			files = (
				876DE35C2BB4558100B1FE81 /* Preview Assets.xcassets in Resources */,
				876DE3592BB4558100B1FE81 /* Assets.xcassets in Resources */,
			);
			runOnlyForDeploymentPostprocessing = 0;
		};
		876DE3642BB4558100B1FE81 /* Resources */ = {
			isa = PBXResourcesBuildPhase;
			buildActionMask = 2147483647;
			files = (
			);
			runOnlyForDeploymentPostprocessing = 0;
		};
		876DE36E2BB4558100B1FE81 /* Resources */ = {
			isa = PBXResourcesBuildPhase;
			buildActionMask = 2147483647;
			files = (
			);
			runOnlyForDeploymentPostprocessing = 0;
		};
/* End PBXResourcesBuildPhase section */

/* Begin PBXSourcesBuildPhase section */
		876DE34D2BB4558000B1FE81 /* Sources */ = {
			isa = PBXSourcesBuildPhase;
			buildActionMask = 2147483647;
			files = (
				8797254B2BB5A4DD00B0A95D /* InvoiceDataModel.swift in Sources */,
				876DE35E2BB4558100B1FE81 /* Persistence.swift in Sources */,
				876DE3882BB54BF800B1FE81 /* HomeView.swift in Sources */,
				876DE3612BB4558100B1FE81 /* Invoice.xcdatamodeld in Sources */,
				876DE3552BB4558000B1FE81 /* InvoiceApp.swift in Sources */,
			);
			runOnlyForDeploymentPostprocessing = 0;
		};
		876DE3622BB4558100B1FE81 /* Sources */ = {
			isa = PBXSourcesBuildPhase;
			buildActionMask = 2147483647;
			files = (
				876DE36B2BB4558100B1FE81 /* InvoiceTests.swift in Sources */,
			);
			runOnlyForDeploymentPostprocessing = 0;
		};
		876DE36C2BB4558100B1FE81 /* Sources */ = {
			isa = PBXSourcesBuildPhase;
			buildActionMask = 2147483647;
			files = (
				876DE3772BB4558100B1FE81 /* InvoiceUITestsLaunchTests.swift in Sources */,
				876DE3752BB4558100B1FE81 /* InvoiceUITests.swift in Sources */,
			);
			runOnlyForDeploymentPostprocessing = 0;
		};
/* End PBXSourcesBuildPhase section */

/* Begin PBXTargetDependency section */
		876DE3682BB4558100B1FE81 /* PBXTargetDependency */ = {
			isa = PBXTargetDependency;
			target = 876DE3502BB4558000B1FE81 /* Invoice */;
			targetProxy = 876DE3672BB4558100B1FE81 /* PBXContainerItemProxy */;
		};
		876DE3722BB4558100B1FE81 /* PBXTargetDependency */ = {
			isa = PBXTargetDependency;
			target = 876DE3502BB4558000B1FE81 /* Invoice */;
			targetProxy = 876DE3712BB4558100B1FE81 /* PBXContainerItemProxy */;
		};
/* End PBXTargetDependency section */

/* Begin XCBuildConfiguration section */
		876DE3782BB4558100B1FE81 /* Debug */ = {
			isa = XCBuildConfiguration;
			buildSettings = {
				ALWAYS_SEARCH_USER_PATHS = NO;
				ASSETCATALOG_COMPILER_GENERATE_SWIFT_ASSET_SYMBOL_EXTENSIONS = YES;
				CLANG_ANALYZER_NONNULL = YES;
				CLANG_ANALYZER_NUMBER_OBJECT_CONVERSION = YES_AGGRESSIVE;
				CLANG_CXX_LANGUAGE_STANDARD = "gnu++20";
				CLANG_ENABLE_MODULES = YES;
				CLANG_ENABLE_OBJC_ARC = YES;
				CLANG_ENABLE_OBJC_WEAK = YES;
				CLANG_WARN_BLOCK_CAPTURE_AUTORELEASING = YES;
				CLANG_WARN_BOOL_CONVERSION = YES;
				CLANG_WARN_COMMA = YES;
				CLANG_WARN_CONSTANT_CONVERSION = YES;
				CLANG_WARN_DEPRECATED_OBJC_IMPLEMENTATIONS = YES;
				CLANG_WARN_DIRECT_OBJC_ISA_USAGE = YES_ERROR;
				CLANG_WARN_DOCUMENTATION_COMMENTS = YES;
				CLANG_WARN_EMPTY_BODY = YES;
				CLANG_WARN_ENUM_CONVERSION = YES;
				CLANG_WARN_INFINITE_RECURSION = YES;
				CLANG_WARN_INT_CONVERSION = YES;
				CLANG_WARN_NON_LITERAL_NULL_CONVERSION = YES;
				CLANG_WARN_OBJC_IMPLICIT_RETAIN_SELF = YES;
				CLANG_WARN_OBJC_LITERAL_CONVERSION = YES;
				CLANG_WARN_OBJC_ROOT_CLASS = YES_ERROR;
				CLANG_WARN_QUOTED_INCLUDE_IN_FRAMEWORK_HEADER = YES;
				CLANG_WARN_RANGE_LOOP_ANALYSIS = YES;
				CLANG_WARN_STRICT_PROTOTYPES = YES;
				CLANG_WARN_SUSPICIOUS_MOVE = YES;
				CLANG_WARN_UNGUARDED_AVAILABILITY = YES_AGGRESSIVE;
				CLANG_WARN_UNREACHABLE_CODE = YES;
				CLANG_WARN__DUPLICATE_METHOD_MATCH = YES;
				COPY_PHASE_STRIP = NO;
				DEBUG_INFORMATION_FORMAT = dwarf;
				ENABLE_STRICT_OBJC_MSGSEND = YES;
				ENABLE_TESTABILITY = YES;
				ENABLE_USER_SCRIPT_SANDBOXING = YES;
				GCC_C_LANGUAGE_STANDARD = gnu17;
				GCC_DYNAMIC_NO_PIC = NO;
				GCC_NO_COMMON_BLOCKS = YES;
				GCC_OPTIMIZATION_LEVEL = 0;
				GCC_PREPROCESSOR_DEFINITIONS = (
					"DEBUG=1",
					"$(inherited)",
				);
				GCC_WARN_64_TO_32_BIT_CONVERSION = YES;
				GCC_WARN_ABOUT_RETURN_TYPE = YES_ERROR;
				GCC_WARN_UNDECLARED_SELECTOR = YES;
				GCC_WARN_UNINITIALIZED_AUTOS = YES_AGGRESSIVE;
				GCC_WARN_UNUSED_FUNCTION = YES;
				GCC_WARN_UNUSED_VARIABLE = YES;
				IPHONEOS_DEPLOYMENT_TARGET = 17.2;
				LOCALIZATION_PREFERS_STRING_CATALOGS = YES;
				MTL_ENABLE_DEBUG_INFO = INCLUDE_SOURCE;
				MTL_FAST_MATH = YES;
				ONLY_ACTIVE_ARCH = YES;
				SDKROOT = iphoneos;
				SWIFT_ACTIVE_COMPILATION_CONDITIONS = "DEBUG $(inherited)";
				SWIFT_OPTIMIZATION_LEVEL = "-Onone";
			};
			name = Debug;
		};
		876DE3792BB4558100B1FE81 /* Release */ = {
			isa = XCBuildConfiguration;
			buildSettings = {
				ALWAYS_SEARCH_USER_PATHS = NO;
				ASSETCATALOG_COMPILER_GENERATE_SWIFT_ASSET_SYMBOL_EXTENSIONS = YES;
				CLANG_ANALYZER_NONNULL = YES;
				CLANG_ANALYZER_NUMBER_OBJECT_CONVERSION = YES_AGGRESSIVE;
				CLANG_CXX_LANGUAGE_STANDARD = "gnu++20";
				CLANG_ENABLE_MODULES = YES;
				CLANG_ENABLE_OBJC_ARC = YES;
				CLANG_ENABLE_OBJC_WEAK = YES;
				CLANG_WARN_BLOCK_CAPTURE_AUTORELEASING = YES;
				CLANG_WARN_BOOL_CONVERSION = YES;
				CLANG_WARN_COMMA = YES;
				CLANG_WARN_CONSTANT_CONVERSION = YES;
				CLANG_WARN_DEPRECATED_OBJC_IMPLEMENTATIONS = YES;
				CLANG_WARN_DIRECT_OBJC_ISA_USAGE = YES_ERROR;
				CLANG_WARN_DOCUMENTATION_COMMENTS = YES;
				CLANG_WARN_EMPTY_BODY = YES;
				CLANG_WARN_ENUM_CONVERSION = YES;
				CLANG_WARN_INFINITE_RECURSION = YES;
				CLANG_WARN_INT_CONVERSION = YES;
				CLANG_WARN_NON_LITERAL_NULL_CONVERSION = YES;
				CLANG_WARN_OBJC_IMPLICIT_RETAIN_SELF = YES;
				CLANG_WARN_OBJC_LITERAL_CONVERSION = YES;
				CLANG_WARN_OBJC_ROOT_CLASS = YES_ERROR;
				CLANG_WARN_QUOTED_INCLUDE_IN_FRAMEWORK_HEADER = YES;
				CLANG_WARN_RANGE_LOOP_ANALYSIS = YES;
				CLANG_WARN_STRICT_PROTOTYPES = YES;
				CLANG_WARN_SUSPICIOUS_MOVE = YES;
				CLANG_WARN_UNGUARDED_AVAILABILITY = YES_AGGRESSIVE;
				CLANG_WARN_UNREACHABLE_CODE = YES;
				CLANG_WARN__DUPLICATE_METHOD_MATCH = YES;
				COPY_PHASE_STRIP = NO;
				DEBUG_INFORMATION_FORMAT = "dwarf-with-dsym";
				ENABLE_NS_ASSERTIONS = NO;
				ENABLE_STRICT_OBJC_MSGSEND = YES;
				ENABLE_USER_SCRIPT_SANDBOXING = YES;
				GCC_C_LANGUAGE_STANDARD = gnu17;
				GCC_NO_COMMON_BLOCKS = YES;
				GCC_WARN_64_TO_32_BIT_CONVERSION = YES;
				GCC_WARN_ABOUT_RETURN_TYPE = YES_ERROR;
				GCC_WARN_UNDECLARED_SELECTOR = YES;
				GCC_WARN_UNINITIALIZED_AUTOS = YES_AGGRESSIVE;
				GCC_WARN_UNUSED_FUNCTION = YES;
				GCC_WARN_UNUSED_VARIABLE = YES;
				IPHONEOS_DEPLOYMENT_TARGET = 17.2;
				LOCALIZATION_PREFERS_STRING_CATALOGS = YES;
				MTL_ENABLE_DEBUG_INFO = NO;
				MTL_FAST_MATH = YES;
				SDKROOT = iphoneos;
				SWIFT_COMPILATION_MODE = wholemodule;
				VALIDATE_PRODUCT = YES;
			};
			name = Release;
		};
		876DE37B2BB4558100B1FE81 /* Debug */ = {
			isa = XCBuildConfiguration;
			buildSettings = {
				ASSETCATALOG_COMPILER_APPICON_NAME = AppIcon;
				ASSETCATALOG_COMPILER_GLOBAL_ACCENT_COLOR_NAME = AccentColor;
				CODE_SIGN_STYLE = Automatic;
				CURRENT_PROJECT_VERSION = 1;
				DEVELOPMENT_ASSET_PATHS = "\"Invoice/Preview Content\"";
				DEVELOPMENT_TEAM = CT55UK7K32;
				ENABLE_PREVIEWS = YES;
				GENERATE_INFOPLIST_FILE = YES;
				INFOPLIST_KEY_UIApplicationSceneManifest_Generation = YES;
				INFOPLIST_KEY_UIApplicationSupportsIndirectInputEvents = YES;
				INFOPLIST_KEY_UILaunchScreen_Generation = YES;
				INFOPLIST_KEY_UISupportedInterfaceOrientations_iPad = "UIInterfaceOrientationPortrait UIInterfaceOrientationPortraitUpsideDown UIInterfaceOrientationLandscapeLeft UIInterfaceOrientationLandscapeRight";
				INFOPLIST_KEY_UISupportedInterfaceOrientations_iPhone = "UIInterfaceOrientationPortrait UIInterfaceOrientationLandscapeLeft UIInterfaceOrientationLandscapeRight";
				LD_RUNPATH_SEARCH_PATHS = (
					"$(inherited)",
					"@executable_path/Frameworks",
				);
				MARKETING_VERSION = 1.0;
				PRODUCT_BUNDLE_IDENTIFIER = com.HaruumiTakemura.Invoice;
				PRODUCT_NAME = "$(TARGET_NAME)";
				SWIFT_EMIT_LOC_STRINGS = YES;
				SWIFT_VERSION = 5.0;
				TARGETED_DEVICE_FAMILY = "1,2";
			};
			name = Debug;
		};
		876DE37C2BB4558100B1FE81 /* Release */ = {
			isa = XCBuildConfiguration;
			buildSettings = {
				ASSETCATALOG_COMPILER_APPICON_NAME = AppIcon;
				ASSETCATALOG_COMPILER_GLOBAL_ACCENT_COLOR_NAME = AccentColor;
				CODE_SIGN_STYLE = Automatic;
				CURRENT_PROJECT_VERSION = 1;
				DEVELOPMENT_ASSET_PATHS = "\"Invoice/Preview Content\"";
				DEVELOPMENT_TEAM = CT55UK7K32;
				ENABLE_PREVIEWS = YES;
				GENERATE_INFOPLIST_FILE = YES;
				INFOPLIST_KEY_UIApplicationSceneManifest_Generation = YES;
				INFOPLIST_KEY_UIApplicationSupportsIndirectInputEvents = YES;
				INFOPLIST_KEY_UILaunchScreen_Generation = YES;
				INFOPLIST_KEY_UISupportedInterfaceOrientations_iPad = "UIInterfaceOrientationPortrait UIInterfaceOrientationPortraitUpsideDown UIInterfaceOrientationLandscapeLeft UIInterfaceOrientationLandscapeRight";
				INFOPLIST_KEY_UISupportedInterfaceOrientations_iPhone = "UIInterfaceOrientationPortrait UIInterfaceOrientationLandscapeLeft UIInterfaceOrientationLandscapeRight";
				LD_RUNPATH_SEARCH_PATHS = (
					"$(inherited)",
					"@executable_path/Frameworks",
				);
				MARKETING_VERSION = 1.0;
				PRODUCT_BUNDLE_IDENTIFIER = com.HaruumiTakemura.Invoice;
				PRODUCT_NAME = "$(TARGET_NAME)";
				SWIFT_EMIT_LOC_STRINGS = YES;
				SWIFT_VERSION = 5.0;
				TARGETED_DEVICE_FAMILY = "1,2";
			};
			name = Release;
		};
		876DE37E2BB4558100B1FE81 /* Debug */ = {
			isa = XCBuildConfiguration;
			buildSettings = {
				ALWAYS_EMBED_SWIFT_STANDARD_LIBRARIES = YES;
				BUNDLE_LOADER = "$(TEST_HOST)";
				CODE_SIGN_STYLE = Automatic;
				CURRENT_PROJECT_VERSION = 1;
				DEVELOPMENT_TEAM = CT55UK7K32;
				GENERATE_INFOPLIST_FILE = YES;
				IPHONEOS_DEPLOYMENT_TARGET = 17.2;
				MARKETING_VERSION = 1.0;
				PRODUCT_BUNDLE_IDENTIFIER = com.HaruumiTakemura.InvoiceTests;
				PRODUCT_NAME = "$(TARGET_NAME)";
				SWIFT_EMIT_LOC_STRINGS = NO;
				SWIFT_VERSION = 5.0;
				TARGETED_DEVICE_FAMILY = "1,2";
				TEST_HOST = "$(BUILT_PRODUCTS_DIR)/Invoice.app/$(BUNDLE_EXECUTABLE_FOLDER_PATH)/Invoice";
			};
			name = Debug;
		};
		876DE37F2BB4558100B1FE81 /* Release */ = {
			isa = XCBuildConfiguration;
			buildSettings = {
				ALWAYS_EMBED_SWIFT_STANDARD_LIBRARIES = YES;
				BUNDLE_LOADER = "$(TEST_HOST)";
				CODE_SIGN_STYLE = Automatic;
				CURRENT_PROJECT_VERSION = 1;
				DEVELOPMENT_TEAM = CT55UK7K32;
				GENERATE_INFOPLIST_FILE = YES;
				IPHONEOS_DEPLOYMENT_TARGET = 17.2;
				MARKETING_VERSION = 1.0;
				PRODUCT_BUNDLE_IDENTIFIER = com.HaruumiTakemura.InvoiceTests;
				PRODUCT_NAME = "$(TARGET_NAME)";
				SWIFT_EMIT_LOC_STRINGS = NO;
				SWIFT_VERSION = 5.0;
				TARGETED_DEVICE_FAMILY = "1,2";
				TEST_HOST = "$(BUILT_PRODUCTS_DIR)/Invoice.app/$(BUNDLE_EXECUTABLE_FOLDER_PATH)/Invoice";
			};
			name = Release;
		};
		876DE3812BB4558100B1FE81 /* Debug */ = {
			isa = XCBuildConfiguration;
			buildSettings = {
				ALWAYS_EMBED_SWIFT_STANDARD_LIBRARIES = YES;
				CODE_SIGN_STYLE = Automatic;
				CURRENT_PROJECT_VERSION = 1;
				DEVELOPMENT_TEAM = CT55UK7K32;
				GENERATE_INFOPLIST_FILE = YES;
				MARKETING_VERSION = 1.0;
				PRODUCT_BUNDLE_IDENTIFIER = com.HaruumiTakemura.InvoiceUITests;
				PRODUCT_NAME = "$(TARGET_NAME)";
				SWIFT_EMIT_LOC_STRINGS = NO;
				SWIFT_VERSION = 5.0;
				TARGETED_DEVICE_FAMILY = "1,2";
				TEST_TARGET_NAME = Invoice;
			};
			name = Debug;
		};
		876DE3822BB4558100B1FE81 /* Release */ = {
			isa = XCBuildConfiguration;
			buildSettings = {
				ALWAYS_EMBED_SWIFT_STANDARD_LIBRARIES = YES;
				CODE_SIGN_STYLE = Automatic;
				CURRENT_PROJECT_VERSION = 1;
				DEVELOPMENT_TEAM = CT55UK7K32;
				GENERATE_INFOPLIST_FILE = YES;
				MARKETING_VERSION = 1.0;
				PRODUCT_BUNDLE_IDENTIFIER = com.HaruumiTakemura.InvoiceUITests;
				PRODUCT_NAME = "$(TARGET_NAME)";
				SWIFT_EMIT_LOC_STRINGS = NO;
				SWIFT_VERSION = 5.0;
				TARGETED_DEVICE_FAMILY = "1,2";
				TEST_TARGET_NAME = Invoice;
			};
			name = Release;
		};
/* End XCBuildConfiguration section */

/* Begin XCConfigurationList section */
		876DE34C2BB4558000B1FE81 /* Build configuration list for PBXProject "Invoice" */ = {
			isa = XCConfigurationList;
			buildConfigurations = (
				876DE3782BB4558100B1FE81 /* Debug */,
				876DE3792BB4558100B1FE81 /* Release */,
			);
			defaultConfigurationIsVisible = 0;
			defaultConfigurationName = Release;
		};
		876DE37A2BB4558100B1FE81 /* Build configuration list for PBXNativeTarget "Invoice" */ = {
			isa = XCConfigurationList;
			buildConfigurations = (
				876DE37B2BB4558100B1FE81 /* Debug */,
				876DE37C2BB4558100B1FE81 /* Release */,
			);
			defaultConfigurationIsVisible = 0;
			defaultConfigurationName = Release;
		};
		876DE37D2BB4558100B1FE81 /* Build configuration list for PBXNativeTarget "InvoiceTests" */ = {
			isa = XCConfigurationList;
			buildConfigurations = (
				876DE37E2BB4558100B1FE81 /* Debug */,
				876DE37F2BB4558100B1FE81 /* Release */,
			);
			defaultConfigurationIsVisible = 0;
			defaultConfigurationName = Release;
		};
		876DE3802BB4558100B1FE81 /* Build configuration list for PBXNativeTarget "InvoiceUITests" */ = {
			isa = XCConfigurationList;
			buildConfigurations = (
				876DE3812BB4558100B1FE81 /* Debug */,
				876DE3822BB4558100B1FE81 /* Release */,
			);
			defaultConfigurationIsVisible = 0;
			defaultConfigurationName = Release;
		};
/* End XCConfigurationList section */

/* Begin XCVersionGroup section */
		876DE35F2BB4558100B1FE81 /* Invoice.xcdatamodeld */ = {
			isa = XCVersionGroup;
			children = (
				876DE3602BB4558100B1FE81 /* Invoice.xcdatamodel */,
			);
			currentVersion = 876DE3602BB4558100B1FE81 /* Invoice.xcdatamodel */;
			path = Invoice.xcdatamodeld;
			sourceTree = "<group>";
			versionGroupType = wrapper.xcdatamodel;
		};
/* End XCVersionGroup section */
	};
	rootObject = 876DE3492BB4558000B1FE81 /* Project object */;
}
